
Microsoft Visual Studio Solution File, Format Version 12.00
# Visual Studio Version 16
VisualStudioVersion = 16.0.31005.135
MinimumVisualStudioVersion = 10.0.40219.1
Project("{FAE04EC0-301F-11D3-BF4B-00C04F79EFBC}") = "WPFUI", "MyFrirstRPG\WPFUI.csproj", "{B7ED4B1B-8E0E-4B11-A026-B717C2C71769}"
EndProject
Project("{FAE04EC0-301F-11D3-BF4B-00C04F79EFBC}") = "Engine", "Engine\Engine.csproj", "{E90E1C6C-CB33-4938-812D-559FABEA435F}"
EndProject
Global
	GlobalSection(SolutionConfigurationPlatforms) = preSolution
		Debug|Any CPU = Debug|Any CPU
		Release|Any CPU = Release|Any CPU
	EndGlobalSection
	GlobalSection(ProjectConfigurationPlatforms) = postSolution
		{B7ED4B1B-8E0E-4B11-A026-B717C2C71769}.Debug|Any CPU.ActiveCfg = Debug|Any CPU
		{B7ED4B1B-8E0E-4B11-A026-B717C2C71769}.Debug|Any CPU.Build.0 = Debug|Any CPU
		{B7ED4B1B-8E0E-4B11-A026-B717C2C71769}.Release|Any CPU.ActiveCfg = Release|Any CPU
		{B7ED4B1B-8E0E-4B11-A026-B717C2C71769}.Release|Any CPU.Build.0 = Release|Any CPU
		{E90E1C6C-CB33-4938-812D-559FABEA435F}.Debug|Any CPU.ActiveCfg = Debug|Any CPU
		{E90E1C6C-CB33-4938-812D-559FABEA435F}.Debug|Any CPU.Build.0 = Debug|Any CPU
		{E90E1C6C-CB33-4938-812D-559FABEA435F}.Release|Any CPU.ActiveCfg = Release|Any CPU
		{E90E1C6C-CB33-4938-812D-559FABEA435F}.Release|Any CPU.Build.0 = Release|Any CPU
	EndGlobalSection
	GlobalSection(SolutionProperties) = preSolution
		HideSolutionNode = FALSE
	EndGlobalSection
	GlobalSection(ExtensibilityGlobals) = postSolution
		SolutionGuid = {6757EF50-3600-418E-831C-988193E9EAE6}
	EndGlobalSection
EndGlobal
